// !$*UTF8*$!
{
	archiveVersion = 1;
	classes = {
	};
	objectVersion = 50;
	objects = {

/* Begin PBXBuildFile section */
		9BF06075234E2770008B7522 /* AppDelegate.swift in Sources */ = {isa = PBXBuildFile; fileRef = 9BF06074234E2770008B7522 /* AppDelegate.swift */; };
		9BF06077234E2770008B7522 /* GameScene.sks in Resources */ = {isa = PBXBuildFile; fileRef = 9BF06076234E2770008B7522 /* GameScene.sks */; };
		9BF06079234E2770008B7522 /* Actions.sks in Resources */ = {isa = PBXBuildFile; fileRef = 9BF06078234E2770008B7522 /* Actions.sks */; };
		9BF0607B234E2770008B7522 /* GameScene.swift in Sources */ = {isa = PBXBuildFile; fileRef = 9BF0607A234E2770008B7522 /* GameScene.swift */; };
		9BF0607D234E2770008B7522 /* GameViewController.swift in Sources */ = {isa = PBXBuildFile; fileRef = 9BF0607C234E2770008B7522 /* GameViewController.swift */; };
		9BF06080234E2770008B7522 /* Main.storyboard in Resources */ = {isa = PBXBuildFile; fileRef = 9BF0607E234E2770008B7522 /* Main.storyboard */; };
		9BF06082234E2771008B7522 /* Assets.xcassets in Resources */ = {isa = PBXBuildFile; fileRef = 9BF06081234E2771008B7522 /* Assets.xcassets */; };
		9BF06085234E2771008B7522 /* LaunchScreen.storyboard in Resources */ = {isa = PBXBuildFile; fileRef = 9BF06083234E2771008B7522 /* LaunchScreen.storyboard */; };
/* End PBXBuildFile section */

/* Begin PBXFileReference section */
		9BF06071234E2770008B7522 /* CollisionBitMasks.app */ = {isa = PBXFileReference; explicitFileType = wrapper.application; includeInIndex = 0; path = CollisionBitMasks.app; sourceTree = BUILT_PRODUCTS_DIR; };
		9BF06074234E2770008B7522 /* AppDelegate.swift */ = {isa = PBXFileReference; lastKnownFileType = sourcecode.swift; path = AppDelegate.swift; sourceTree = "<group>"; };
		9BF06076234E2770008B7522 /* GameScene.sks */ = {isa = PBXFileReference; lastKnownFileType = file.sks; path = GameScene.sks; sourceTree = "<group>"; };
		9BF06078234E2770008B7522 /* Actions.sks */ = {isa = PBXFileReference; lastKnownFileType = file.sks; path = Actions.sks; sourceTree = "<group>"; };
		9BF0607A234E2770008B7522 /* GameScene.swift */ = {isa = PBXFileReference; lastKnownFileType = sourcecode.swift; path = GameScene.swift; sourceTree = "<group>"; };
		9BF0607C234E2770008B7522 /* GameViewController.swift */ = {isa = PBXFileReference; lastKnownFileType = sourcecode.swift; path = GameViewController.swift; sourceTree = "<group>"; };
		9BF0607F234E2770008B7522 /* Base */ = {isa = PBXFileReference; lastKnownFileType = file.storyboard; name = Base; path = Base.lproj/Main.storyboard; sourceTree = "<group>"; };
		9BF06081234E2771008B7522 /* Assets.xcassets */ = {isa = PBXFileReference; lastKnownFileType = folder.assetcatalog; path = Assets.xcassets; sourceTree = "<group>"; };
		9BF06084234E2771008B7522 /* Base */ = {isa = PBXFileReference; lastKnownFileType = file.storyboard; name = Base; path = Base.lproj/LaunchScreen.storyboard; sourceTree = "<group>"; };
		9BF06086234E2771008B7522 /* Info.plist */ = {isa = PBXFileReference; lastKnownFileType = text.plist.xml; path = Info.plist; sourceTree = "<group>"; };
/* End PBXFileReference section */

/* Begin PBXFrameworksBuildPhase section */
		9BF0606E234E2770008B7522 /* Frameworks */ = {
			isa = PBXFrameworksBuildPhase;
			buildActionMask = 2147483647;
			files = (
			);
			runOnlyForDeploymentPostprocessing = 0;
		};
/* End PBXFrameworksBuildPhase section */

/* Begin PBXGroup section */
		9BF06068234E2770008B7522 = {
			isa = PBXGroup;
			children = (
				9BF06073234E2770008B7522 /* CollisionBitMasks */,
				9BF06072234E2770008B7522 /* Products */,
			);
			sourceTree = "<group>";
		};
		9BF06072234E2770008B7522 /* Products */ = {
			isa = PBXGroup;
			children = (
				9BF06071234E2770008B7522 /* CollisionBitMasks.app */,
			);
			name = Products;
			sourceTree = "<group>";
		};
		9BF06073234E2770008B7522 /* CollisionBitMasks */ = {
			isa = PBXGroup;
			children = (
				9BF06074234E2770008B7522 /* AppDelegate.swift */,
				9BF06076234E2770008B7522 /* GameScene.sks */,
				9BF06078234E2770008B7522 /* Actions.sks */,
				9BF0607A234E2770008B7522 /* GameScene.swift */,
				9BF0607C234E2770008B7522 /* GameViewController.swift */,
				9BF0607E234E2770008B7522 /* Main.storyboard */,
				9BF06081234E2771008B7522 /* Assets.xcassets */,
				9BF06083234E2771008B7522 /* LaunchScreen.storyboard */,
				9BF06086234E2771008B7522 /* Info.plist */,
			);
			path = CollisionBitMasks;
			sourceTree = "<group>";
		};
/* End PBXGroup section */

/* Begin PBXNativeTarget section */
		9BF06070234E2770008B7522 /* CollisionBitMasks */ = {
			isa = PBXNativeTarget;
			buildConfigurationList = 9BF06089234E2771008B7522 /* Build configuration list for PBXNativeTarget "CollisionBitMasks" */;
			buildPhases = (
				9BF0606D234E2770008B7522 /* Sources */,
				9BF0606E234E2770008B7522 /* Frameworks */,
				9BF0606F234E2770008B7522 /* Resources */,
			);
			buildRules = (
			);
			dependencies = (
			);
			name = CollisionBitMasks;
			productName = CollisionBitMasks;
			productReference = 9BF06071234E2770008B7522 /* CollisionBitMasks.app */;
			productType = "com.apple.product-type.application";
		};
/* End PBXNativeTarget section */

/* Begin PBXProject section */
		9BF06069234E2770008B7522 /* Project object */ = {
			isa = PBXProject;
			attributes = {
				LastSwiftUpdateCheck = 1030;
				LastUpgradeCheck = 1030;
				ORGANIZATIONNAME = MacStudent;
				TargetAttributes = {
					9BF06070234E2770008B7522 = {
						CreatedOnToolsVersion = 10.3;
					};
				};
			};
			buildConfigurationList = 9BF0606C234E2770008B7522 /* Build configuration list for PBXProject "CollisionBitMasks" */;
			compatibilityVersion = "Xcode 9.3";
			developmentRegion = en;
			hasScannedForEncodings = 0;
			knownRegions = (
				en,
				Base,
			);
			mainGroup = 9BF06068234E2770008B7522;
			productRefGroup = 9BF06072234E2770008B7522 /* Products */;
			projectDirPath = "";
			projectRoot = "";
			targets = (
				9BF06070234E2770008B7522 /* CollisionBitMasks */,
			);
		};
/* End PBXProject section */

/* Begin PBXResourcesBuildPhase section */
		9BF0606F234E2770008B7522 /* Resources */ = {
			isa = PBXResourcesBuildPhase;
			buildActionMask = 2147483647;
			files = (
				9BF06080234E2770008B7522 /* Main.storyboard in Resources */,
				9BF06077234E2770008B7522 /* GameScene.sks in Resources */,
				9BF06082234E2771008B7522 /* Assets.xcassets in Resources */,
				9BF06085234E2771008B7522 /* LaunchScreen.storyboard in Resources */,
				9BF06079234E2770008B7522 /* Actions.sks in Resources */,
			);
			runOnlyForDeploymentPostprocessing = 0;
		};
/* End PBXResourcesBuildPhase section */

/* Begin PBXSourcesBuildPhase section */
		9BF0606D234E2770008B7522 /* Sources */ = {
			isa = PBXSourcesBuildPhase;
			buildActionMask = 2147483647;
			files = (
				9BF0607B234E2770008B7522 /* GameScene.swift in Sources */,
				9BF0607D234E2770008B7522 /* GameViewController.swift in Sources */,
				9BF06075234E2770008B7522 /* AppDelegate.swift in Sources */,
			);
			runOnlyForDeploymentPostprocessing = 0;
		};
/* End PBXSourcesBuildPhase section */

/* Begin PBXVariantGroup section */
		9BF0607E234E2770008B7522 /* Main.storyboard */ = {
			isa = PBXVariantGroup;
			children = (
				9BF0607F234E2770008B7522 /* Base */,
			);
			name = Main.storyboard;
			sourceTree = "<group>";
		};
		9BF06083234E2771008B7522 /* LaunchScreen.storyboard */ = {
			isa = PBXVariantGroup;
			children = (
				9BF06084234E2771008B7522 /* Base */,
			);
			name = LaunchScreen.storyboard;
			sourceTree = "<group>";
		};
/* End PBXVariantGroup section */

/* Begin XCBuildConfiguration section */
		9BF06087234E2771008B7522 /* Debug */ = {
			isa = XCBuildConfiguration;
			buildSettings = {
				ALWAYS_SEARCH_USER_PATHS = NO;
				CLANG_ANALYZER_NONNULL = YES;
				CLANG_ANALYZER_NUMBER_OBJECT_CONVERSION = YES_AGGRESSIVE;
				CLANG_CXX_LANGUAGE_STANDARD = "gnu++14";
				CLANG_CXX_LIBRARY = "libc++";
				CLANG_ENABLE_MODULES = YES;
				CLANG_ENABLE_OBJC_ARC = YES;
				CLANG_ENABLE_OBJC_WEAK = YES;
				CLANG_WARN_BLOCK_CAPTURE_AUTORELEASING = YES;
				CLANG_WARN_BOOL_CONVERSION = YES;
				CLANG_WARN_COMMA = YES;
				CLANG_WARN_CONSTANT_CONVERSION = YES;
				CLANG_WARN_DEPRECATED_OBJC_IMPLEMENTATIONS = YES;
				CLANG_WARN_DIRECT_OBJC_ISA_USAGE = YES_ERROR;
				CLANG_WARN_DOCUMENTATION_COMMENTS = YES;
				CLANG_WARN_EMPTY_BODY = YES;
				CLANG_WARN_ENUM_CONVERSION = YES;
				CLANG_WARN_INFINITE_RECURSION = YES;
				CLANG_WARN_INT_CONVERSION = YES;
				CLANG_WARN_NON_LITERAL_NULL_CONVERSION = YES;
				CLANG_WARN_OBJC_IMPLICIT_RETAIN_SELF = YES;
				CLANG_WARN_OBJC_LITERAL_CONVERSION = YES;
				CLANG_WARN_OBJC_ROOT_CLASS = YES_ERROR;
				CLANG_WARN_RANGE_LOOP_ANALYSIS = YES;
				CLANG_WARN_STRICT_PROTOTYPES = YES;
				CLANG_WARN_SUSPICIOUS_MOVE = YES;
				CLANG_WARN_UNGUARDED_AVAILABILITY = YES_AGGRESSIVE;
				CLANG_WARN_UNREACHABLE_CODE = YES;
				CLANG_WARN__DUPLICATE_METHOD_MATCH = YES;
				CODE_SIGN_IDENTITY = "iPhone Developer";
				COPY_PHASE_STRIP = NO;
				DEBUG_INFORMATION_FORMAT = dwarf;
				ENABLE_STRICT_OBJC_MSGSEND = YES;
				ENABLE_TESTABILITY = YES;
				GCC_C_LANGUAGE_STANDARD = gnu11;
				GCC_DYNAMIC_NO_PIC = NO;
				GCC_NO_COMMON_BLOCKS = YES;
				GCC_OPTIMIZATION_LEVEL = 0;
				GCC_PREPROCESSOR_DEFINITIONS = (
					"DEBUG=1",
					"$(inherited)",
				);
				GCC_WARN_64_TO_32_BIT_CONVERSION = YES;
				GCC_WARN_ABOUT_RETURN_TYPE = YES_ERROR;
				GCC_WARN_UNDECLARED_SELECTOR = YES;
				GCC_WARN_UNINITIALIZED_AUTOS = YES_AGGRESSIVE;
				GCC_WARN_UNUSED_FUNCTION = YES;
				GCC_WARN_UNUSED_VARIABLE = YES;
				IPHONEOS_DEPLOYMENT_TARGET = 12.4;
				MTL_ENABLE_DEBUG_INFO = INCLUDE_SOURCE;
				MTL_FAST_MATH = YES;
				ONLY_ACTIVE_ARCH = YES;
				SDKROOT = iphoneos;
				SWIFT_ACTIVE_COMPILATION_CONDITIONS = DEBUG;
				SWIFT_OPTIMIZATION_LEVEL = "-Onone";
			};
			name = Debug;
		};
		9BF06088234E2771008B7522 /* Release */ = {
			isa = XCBuildConfiguration;
			buildSettings = {
				ALWAYS_SEARCH_USER_PATHS = NO;
				CLANG_ANALYZER_NONNULL = YES;
				CLANG_ANALYZER_NUMBER_OBJECT_CONVERSION = YES_AGGRESSIVE;
				CLANG_CXX_LANGUAGE_STANDARD = "gnu++14";
				CLANG_CXX_LIBRARY = "libc++";
				CLANG_ENABLE_MODULES = YES;
				CLANG_ENABLE_OBJC_ARC = YES;
				CLANG_ENABLE_OBJC_WEAK = YES;
				CLANG_WARN_BLOCK_CAPTURE_AUTORELEASING = YES;
				CLANG_WARN_BOOL_CONVERSION = YES;
				CLANG_WARN_COMMA = YES;
				CLANG_WARN_CONSTANT_CONVERSION = YES;
				CLANG_WARN_DEPRECATED_OBJC_IMPLEMENTATIONS = YES;
				CLANG_WARN_DIRECT_OBJC_ISA_USAGE = YES_ERROR;
				CLANG_WARN_DOCUMENTATION_COMMENTS = YES;
				CLANG_WARN_EMPTY_BODY = YES;
				CLANG_WARN_ENUM_CONVERSION = YES;
				CLANG_WARN_INFINITE_RECURSION = YES;
				CLANG_WARN_INT_CONVERSION = YES;
				CLANG_WARN_NON_LITERAL_NULL_CONVERSION = YES;
				CLANG_WARN_OBJC_IMPLICIT_RETAIN_SELF = YES;
				CLANG_WARN_OBJC_LITERAL_CONVERSION = YES;
				CLANG_WARN_OBJC_ROOT_CLASS = YES_ERROR;
				CLANG_WARN_RANGE_LOOP_ANALYSIS = YES;
				CLANG_WARN_STRICT_PROTOTYPES = YES;
				CLANG_WARN_SUSPICIOUS_MOVE = YES;
				CLANG_WARN_UNGUARDED_AVAILABILITY = YES_AGGRESSIVE;
				CLANG_WARN_UNREACHABLE_CODE = YES;
				CLANG_WARN__DUPLICATE_METHOD_MATCH = YES;
				CODE_SIGN_IDENTITY = "iPhone Developer";
				COPY_PHASE_STRIP = NO;
				DEBUG_INFORMATION_FORMAT = "dwarf-with-dsym";
				ENABLE_NS_ASSERTIONS = NO;
				ENABLE_STRICT_OBJC_MSGSEND = YES;
				GCC_C_LANGUAGE_STANDARD = gnu11;
				GCC_NO_COMMON_BLOCKS = YES;
				GCC_WARN_64_TO_32_BIT_CONVERSION = YES;
				GCC_WARN_ABOUT_RETURN_TYPE = YES_ERROR;
				GCC_WARN_UNDECLARED_SELECTOR = YES;
				GCC_WARN_UNINITIALIZED_AUTOS = YES_AGGRESSIVE;
				GCC_WARN_UNUSED_FUNCTION = YES;
				GCC_WARN_UNUSED_VARIABLE = YES;
				IPHONEOS_DEPLOYMENT_TARGET = 12.4;
				MTL_ENABLE_DEBUG_INFO = NO;
				MTL_FAST_MATH = YES;
				SDKROOT = iphoneos;
				SWIFT_COMPILATION_MODE = wholemodule;
				SWIFT_OPTIMIZATION_LEVEL = "-O";
				VALIDATE_PRODUCT = YES;
			};
			name = Release;
		};
		9BF0608A234E2771008B7522 /* Debug */ = {
			isa = XCBuildConfiguration;
			buildSettings = {
				ASSETCATALOG_COMPILER_APPICON_NAME = AppIcon;
				CODE_SIGN_STYLE = Automatic;
				INFOPLIST_FILE = CollisionBitMasks/Info.plist;
				LD_RUNPATH_SEARCH_PATHS = (
					"$(inherited)",
					"@executable_path/Frameworks",
				);
				PRODUCT_BUNDLE_IDENTIFIER = paste.CollisionBitMasks;
				PRODUCT_NAME = "$(TARGET_NAME)";
				SWIFT_VERSION = 5.0;
				TARGETED_DEVICE_FAMILY = "1,2";
			};
			name = Debug;
		};
		9BF0608B234E2771008B7522 /* Release */ = {
			isa = XCBuildConfiguration;
			buildSettings = {
				ASSETCATALOG_COMPILER_APPICON_NAME = AppIcon;
				CODE_SIGN_STYLE = Automatic;
				INFOPLIST_FILE = CollisionBitMasks/Info.plist;
				LD_RUNPATH_SEARCH_PATHS = (
					"$(inherited)",
					"@executable_path/Frameworks",
				);
				PRODUCT_BUNDLE_IDENTIFIER = paste.CollisionBitMasks;
				PRODUCT_NAME = "$(TARGET_NAME)";
				SWIFT_VERSION = 5.0;
				TARGETED_DEVICE_FAMILY = "1,2";
			};
			name = Release;
		};
/* End XCBuildConfiguration section */

/* Begin XCConfigurationList section */
		9BF0606C234E2770008B7522 /* Build configuration list for PBXProject "CollisionBitMasks" */ = {
			isa = XCConfigurationList;
			buildConfigurations = (
				9BF06087234E2771008B7522 /* Debug */,
				9BF06088234E2771008B7522 /* Release */,
			);
			defaultConfigurationIsVisible = 0;
			defaultConfigurationName = Release;
		};
		9BF06089234E2771008B7522 /* Build configuration list for PBXNativeTarget "CollisionBitMasks" */ = {
			isa = XCConfigurationList;
			buildConfigurations = (
				9BF0608A234E2771008B7522 /* Debug */,
				9BF0608B234E2771008B7522 /* Release */,
			);
			defaultConfigurationIsVisible = 0;
			defaultConfigurationName = Release;
		};
/* End XCConfigurationList section */
	};
	rootObject = 9BF06069234E2770008B7522 /* Project object */;
}
